# This file is automatically @generated by Cargo.
# It is not intended for manual editing.
version = 3

[[package]]
name = "ac-library-rs-parted"
version = "0.1.0"
source = "git+https://github.com/qryxip/ac-library-rs-parted#77261929d6551609cf352f4f9e05b34bafd5a8f7"
dependencies = [
 "ac-library-rs-parted-convolution",
 "ac-library-rs-parted-dsu",
 "ac-library-rs-parted-fenwicktree",
 "ac-library-rs-parted-lazysegtree",
 "ac-library-rs-parted-math",
 "ac-library-rs-parted-maxflow",
 "ac-library-rs-parted-mincostflow",
 "ac-library-rs-parted-modint",
 "ac-library-rs-parted-scc",
 "ac-library-rs-parted-segtree",
 "ac-library-rs-parted-string",
 "ac-library-rs-parted-twosat",
]

[[package]]
name = "ac-library-rs-parted-convolution"
version = "0.1.0"
source = "git+https://github.com/qryxip/ac-library-rs-parted#77261929d6551609cf352f4f9e05b34bafd5a8f7"
dependencies = [
 "ac-library-rs-parted-internal-bit",
 "ac-library-rs-parted-internal-math",
 "ac-library-rs-parted-modint",
]

[[package]]
name = "ac-library-rs-parted-dsu"
version = "0.1.0"
source = "git+https://github.com/qryxip/ac-library-rs-parted#77261929d6551609cf352f4f9e05b34bafd5a8f7"

[[package]]
name = "ac-library-rs-parted-fenwicktree"
version = "0.1.0"
source = "git+https://github.com/qryxip/ac-library-rs-parted#77261929d6551609cf352f4f9e05b34bafd5a8f7"

[[package]]
name = "ac-library-rs-parted-internal-bit"
version = "0.1.0"
source = "git+https://github.com/qryxip/ac-library-rs-parted#77261929d6551609cf352f4f9e05b34bafd5a8f7"

[[package]]
name = "ac-library-rs-parted-internal-math"
version = "0.1.0"
source = "git+https://github.com/qryxip/ac-library-rs-parted#77261929d6551609cf352f4f9e05b34bafd5a8f7"

[[package]]
name = "ac-library-rs-parted-internal-queue"
version = "0.1.0"
source = "git+https://github.com/qryxip/ac-library-rs-parted#77261929d6551609cf352f4f9e05b34bafd5a8f7"

[[package]]
name = "ac-library-rs-parted-internal-scc"
version = "0.1.0"
source = "git+https://github.com/qryxip/ac-library-rs-parted#77261929d6551609cf352f4f9e05b34bafd5a8f7"

[[package]]
name = "ac-library-rs-parted-internal-type-traits"
version = "0.1.0"
source = "git+https://github.com/qryxip/ac-library-rs-parted#77261929d6551609cf352f4f9e05b34bafd5a8f7"

[[package]]
name = "ac-library-rs-parted-lazysegtree"
version = "0.1.0"
source = "git+https://github.com/qryxip/ac-library-rs-parted#77261929d6551609cf352f4f9e05b34bafd5a8f7"
dependencies = [
 "ac-library-rs-parted-internal-bit",
 "ac-library-rs-parted-segtree",
]

[[package]]
name = "ac-library-rs-parted-math"
version = "0.1.0"
source = "git+https://github.com/qryxip/ac-library-rs-parted#77261929d6551609cf352f4f9e05b34bafd5a8f7"
dependencies = [
 "ac-library-rs-parted-internal-math",
]

[[package]]
name = "ac-library-rs-parted-maxflow"
version = "0.1.0"
source = "git+https://github.com/qryxip/ac-library-rs-parted#77261929d6551609cf352f4f9e05b34bafd5a8f7"
dependencies = [
 "ac-library-rs-parted-internal-queue",
 "ac-library-rs-parted-internal-type-traits",
]

[[package]]
name = "ac-library-rs-parted-mincostflow"
version = "0.1.0"
source = "git+https://github.com/qryxip/ac-library-rs-parted#77261929d6551609cf352f4f9e05b34bafd5a8f7"
dependencies = [
 "ac-library-rs-parted-internal-scc",
 "ac-library-rs-parted-internal-type-traits",
]

[[package]]
name = "ac-library-rs-parted-modint"
version = "0.1.0"
source = "git+https://github.com/qryxip/ac-library-rs-parted#77261929d6551609cf352f4f9e05b34bafd5a8f7"
dependencies = [
 "ac-library-rs-parted-internal-math",
]

[[package]]
name = "ac-library-rs-parted-scc"
version = "0.1.0"
source = "git+https://github.com/qryxip/ac-library-rs-parted#77261929d6551609cf352f4f9e05b34bafd5a8f7"
dependencies = [
 "ac-library-rs-parted-internal-scc",
]

[[package]]
name = "ac-library-rs-parted-segtree"
version = "0.1.0"
source = "git+https://github.com/qryxip/ac-library-rs-parted#77261929d6551609cf352f4f9e05b34bafd5a8f7"
dependencies = [
 "ac-library-rs-parted-internal-bit",
 "ac-library-rs-parted-internal-type-traits",
]

[[package]]
name = "ac-library-rs-parted-string"
version = "0.1.0"
source = "git+https://github.com/qryxip/ac-library-rs-parted#77261929d6551609cf352f4f9e05b34bafd5a8f7"

[[package]]
name = "ac-library-rs-parted-twosat"
version = "0.1.0"
source = "git+https://github.com/qryxip/ac-library-rs-parted#77261929d6551609cf352f4f9e05b34bafd5a8f7"
dependencies = [
 "ac-library-rs-parted-internal-scc",
]

[[package]]
name = "alds-lib"
version = "0.202203.0"
dependencies = [
 "itertools",
 "num",
 "num-traits",
 "rand",
]

[[package]]
name = "arc139"
version = "0.1.0"
dependencies = [
 "ac-library-rs-parted",
 "alds-lib",
 "itertools",
 "itertools-num",
 "lazy_static",
 "num",
 "num-bigint",
 "num-complex",
 "num-derive",
 "num-integer",
 "num-iter",
 "num-rational",
 "num-traits",
 "ordered-float",
 "petgraph",
 "proconio",
 "rand",
]

[[package]]
name = "autocfg"
version = "1.1.0"
source = "registry+https://github.com/rust-lang/crates.io-index"
checksum = "d468802bab17cbc0cc575e9b053f41e72aa36bfa6b7f55e3529ffa43161b97fa"

[[package]]
name = "cfg-if"
version = "1.0.0"
source = "registry+https://github.com/rust-lang/crates.io-index"
checksum = "baf1de4339761588bc0619e3cbc0120ee582ebb74b53b4efbf79117bd2da40fd"

[[package]]
name = "either"
version = "1.6.1"
source = "registry+https://github.com/rust-lang/crates.io-index"
checksum = "e78d4f1cc4ae33bbfc157ed5d5a5ef3bc29227303d595861deb238fcec4e9457"

[[package]]
name = "fixedbitset"
version = "0.2.0"
source = "registry+https://github.com/rust-lang/crates.io-index"
checksum = "37ab347416e802de484e4d03c7316c48f1ecb56574dfd4a46a80f173ce1de04d"

[[package]]
name = "getrandom"
version = "0.1.16"
source = "registry+https://github.com/rust-lang/crates.io-index"
checksum = "8fc3cb4d91f53b50155bdcfd23f6a4c39ae1969c2ae85982b135750cccaf5fce"
dependencies = [
 "cfg-if",
 "libc",
 "wasi",
]

[[package]]
name = "hashbrown"
version = "0.11.2"
source = "registry+https://github.com/rust-lang/crates.io-index"
checksum = "ab5ef0d4909ef3724cc8cce6ccc8572c5c817592e9285f5464f8e86f8bd3726e"

[[package]]
name = "indexmap"
version = "1.8.1"
source = "registry+https://github.com/rust-lang/crates.io-index"
checksum = "0f647032dfaa1f8b6dc29bd3edb7bbef4861b8b8007ebb118d6db284fd59f6ee"
dependencies = [
 "autocfg",
 "hashbrown",
]

[[package]]
name = "itertools"
version = "0.9.0"
source = "registry+https://github.com/rust-lang/crates.io-index"
checksum = "284f18f85651fe11e8a991b2adb42cb078325c996ed026d994719efcfca1d54b"
dependencies = [
 "either",
]

[[package]]
name = "itertools-num"
version = "0.1.3"
source = "registry+https://github.com/rust-lang/crates.io-index"
checksum = "a872a22f9e6f7521ca557660adb96dd830e54f0f490fa115bb55dd69d38b27e7"
dependencies = [
 "num-traits",
]

[[package]]
name = "lazy_static"
version = "1.4.0"
source = "registry+https://github.com/rust-lang/crates.io-index"
checksum = "e2abad23fbc42b3700f2f279844dc832adb2b2eb069b2df918f455c4e18cc646"

[[package]]
name = "libc"
version = "0.2.124"
source = "registry+https://github.com/rust-lang/crates.io-index"
checksum = "21a41fed9d98f27ab1c6d161da622a4fa35e8a54a8adc24bbf3ddd0ef70b0e50"

[[package]]
name = "num"
version = "0.2.1"
source = "registry+https://github.com/rust-lang/crates.io-index"
checksum = "b8536030f9fea7127f841b45bb6243b27255787fb4eb83958aa1ef9d2fdc0c36"
dependencies = [
 "num-bigint",
 "num-complex",
 "num-integer",
 "num-iter",
 "num-rational",
 "num-traits",
]

[[package]]
name = "num-bigint"
version = "0.2.6"
source = "registry+https://github.com/rust-lang/crates.io-index"
checksum = "090c7f9998ee0ff65aa5b723e4009f7b217707f1fb5ea551329cc4d6231fb304"
dependencies = [
 "autocfg",
 "num-integer",
 "num-traits",
]

[[package]]
name = "num-complex"
version = "0.2.4"
source = "registry+https://github.com/rust-lang/crates.io-index"
checksum = "b6b19411a9719e753aff12e5187b74d60d3dc449ec3f4dc21e3989c3f554bc95"
dependencies = [
 "autocfg",
 "num-traits",
]

[[package]]
name = "num-derive"
version = "0.3.0"
source = "registry+https://github.com/rust-lang/crates.io-index"
checksum = "0c8b15b261814f992e33760b1fca9fe8b693d8a65299f20c9901688636cfb746"
dependencies = [
 "proc-macro2 1.0.37",
 "quote 1.0.18",
 "syn 1.0.91",
]

[[package]]
name = "num-integer"
version = "0.1.42"
source = "registry+https://github.com/rust-lang/crates.io-index"
checksum = "3f6ea62e9d81a77cd3ee9a2a5b9b609447857f3d358704331e4ef39eb247fcba"
dependencies = [
 "autocfg",
 "num-traits",
]

[[package]]
name = "num-iter"
version = "0.1.40"
source = "registry+https://github.com/rust-lang/crates.io-index"
checksum = "dfb0800a0291891dd9f4fe7bd9c19384f98f7fbe0cd0f39a2c6b88b9868bbc00"
dependencies = [
 "autocfg",
 "num-integer",
 "num-traits",
]

[[package]]
name = "num-rational"
version = "0.2.4"
source = "registry+https://github.com/rust-lang/crates.io-index"
checksum = "5c000134b5dbf44adc5cb772486d335293351644b801551abe8f75c84cfa4aef"
dependencies = [
 "autocfg",
 "num-bigint",
 "num-integer",
 "num-traits",
]

[[package]]
name = "num-traits"
version = "0.2.11"
source = "registry+https://github.com/rust-lang/crates.io-index"
checksum = "c62be47e61d1842b9170f0fdeec8eba98e60e90e5446449a0545e5152acd7096"
dependencies = [
 "autocfg",
]

[[package]]
name = "ordered-float"
version = "1.0.2"
source = "registry+https://github.com/rust-lang/crates.io-index"
checksum = "18869315e81473c951eb56ad5558bbc56978562d3ecfb87abb7a1e944cea4518"
dependencies = [
 "num-traits",
]

[[package]]
name = "petgraph"
version = "0.5.0"
source = "registry+https://github.com/rust-lang/crates.io-index"
checksum = "29c127eea4a29ec6c85d153c59dc1213f33ec74cead30fe4730aecc88cc1fd92"
dependencies = [
 "fixedbitset",
 "indexmap",
]

[[package]]
name = "ppv-lite86"
version = "0.2.16"
source = "registry+https://github.com/rust-lang/crates.io-index"
checksum = "eb9f9e6e233e5c4a35559a617bf40a4ec447db2e84c20b55a6f83167b7e57872"

[[package]]
name = "proc-macro2"
version = "0.4.30"
source = "registry+https://github.com/rust-lang/crates.io-index"
checksum = "cf3d2011ab5c909338f7887f4fc896d35932e29146c12c8d01da6b22a80ba759"
dependencies = [
 "unicode-xid 0.1.0",
]

[[package]]
name = "proc-macro2"
version = "1.0.37"
source = "registry+https://github.com/rust-lang/crates.io-index"
checksum = "ec757218438d5fda206afc041538b2f6d889286160d649a86a24d37e1235afd1"
dependencies = [
 "unicode-xid 0.2.2",
]

[[package]]
name = "proconio"
version = "0.3.6"
source = "registry+https://github.com/rust-lang/crates.io-index"
checksum = "3bed4f95f88d84bb8efd51dbc080d463e6ca953f05dfade2e24daf19dd861ccd"
dependencies = [
 "lazy_static",
 "proconio-derive",
]

[[package]]
name = "proconio-derive"
version = "0.1.9"
source = "registry+https://github.com/rust-lang/crates.io-index"
checksum = "8096c9313b401ca5bf09f93235fdf4fe6dbedc4f64e3968d2688bf89433a6738"
dependencies = [
 "proc-macro2 0.4.30",
 "quote 0.6.13",
 "syn 0.15.44",
]

[[package]]
name = "quote"
version = "0.6.13"
source = "registry+https://github.com/rust-lang/crates.io-index"
checksum = "6ce23b6b870e8f94f81fb0a363d65d86675884b34a09043c81e5562f11c1f8e1"
dependencies = [
 "proc-macro2 0.4.30",
]

[[package]]
name = "quote"
version = "1.0.18"
source = "registry+https://github.com/rust-lang/crates.io-index"
checksum = "a1feb54ed693b93a84e14094943b84b7c4eae204c512b7ccb95ab0c66d278ad1"
dependencies = [
 "proc-macro2 1.0.37",
]

[[package]]
name = "rand"
version = "0.7.3"
source = "registry+https://github.com/rust-lang/crates.io-index"
checksum = "6a6b1679d49b24bbfe0c803429aa1874472f50d9b363131f0e89fc356b544d03"
dependencies = [
 "getrandom",
 "libc",
 "rand_chacha",
 "rand_core",
 "rand_hc",
 "rand_pcg",
]

[[package]]
name = "rand_chacha"
version = "0.2.2"
source = "registry+https://github.com/rust-lang/crates.io-index"
checksum = "f4c8ed856279c9737206bf725bf36935d8666ead7aa69b52be55af369d193402"
dependencies = [
 "ppv-lite86",
 "rand_core",
]

[[package]]
name = "rand_core"
version = "0.5.1"
source = "registry+https://github.com/rust-lang/crates.io-index"
checksum = "90bde5296fc891b0cef12a6d03ddccc162ce7b2aff54160af9338f8d40df6d19"
dependencies = [
 "getrandom",
]

[[package]]
name = "rand_hc"
version = "0.2.0"
source = "registry+https://github.com/rust-lang/crates.io-index"
checksum = "ca3129af7b92a17112d59ad498c6f81eaf463253766b90396d39ea7a39d6613c"
dependencies = [
 "rand_core",
]

[[package]]
name = "rand_pcg"
version = "0.2.1"
source = "registry+https://github.com/rust-lang/crates.io-index"
checksum = "16abd0c1b639e9eb4d7c50c0b8100b0d0f849be2349829c740fe8e6eb4816429"
dependencies = [
 "rand_core",
]

[[package]]
name = "syn"
version = "0.15.44"
source = "registry+https://github.com/rust-lang/crates.io-index"
checksum = "9ca4b3b69a77cbe1ffc9e198781b7acb0c7365a883670e8f1c1bc66fba79a5c5"
dependencies = [
 "proc-macro2 0.4.30",
 "quote 0.6.13",
 "unicode-xid 0.1.0",
]

[[package]]
name = "syn"
version = "1.0.91"
source = "registry+https://github.com/rust-lang/crates.io-index"
checksum = "b683b2b825c8eef438b77c36a06dc262294da3d5a5813fac20da149241dcd44d"
dependencies = [
 "proc-macro2 1.0.37",
 "quote 1.0.18",
 "unicode-xid 0.2.2",
]

[[package]]
name = "unicode-xid"
version = "0.1.0"
source = "registry+https://github.com/rust-lang/crates.io-index"
checksum = "fc72304796d0818e357ead4e000d19c9c174ab23dc11093ac919054d20a6a7fc"

[[package]]
name = "unicode-xid"
version = "0.2.2"
source = "registry+https://github.com/rust-lang/crates.io-index"
checksum = "8ccb82d61f80a663efe1f787a51b16b5a51e3314d6ac365b08639f52387b33f3"

[[package]]
name = "wasi"
version = "0.9.0+wasi-snapshot-preview1"
source = "registry+https://github.com/rust-lang/crates.io-index"
checksum = "cccddf32554fecc6acb585f82a32a72e28b48f8c4c1883ddfeeeaa96f7d8e519"
